PODS:
  - Flutter (1.0.0)
  - trust_wallet_core (0.0.1):
    - Flutter

DEPENDENCIES:
  - Flutter (from `Flutter`)
  - trust_wallet_core (from `.symlinks/plugins/trust_wallet_core/ios`)

EXTERNAL SOURCES:
  Flutter:
    :path: Flutter
  trust_wallet_core:
    :path: ".symlinks/plugins/trust_wallet_core/ios"

SPEC CHECKSUMS:
  Flutter: 434fef37c0980e73bb6479ef766c45957d4b510c
  trust_wallet_core: 10d596eb56f5bfcccbdc097c5048cce4d8878519

PODFILE CHECKSUM: aafe91acc616949ddb318b77800a7f51bffa2a4c

COCOAPODS: 1.10.1
