PODS:
  - Flutter (1.0.0)
  - SwiftProtobuf (1.18.0)
  - trust_wallet_core (0.0.1):
    - Flutter
    - TrustWalletCore (~> 2.7.2)
  - TrustWalletCore (2.7.2):
    - TrustWalletCore/Core (= 2.7.2)
  - TrustWalletCore/Core (2.7.2):
    - TrustWalletCore/Types
  - TrustWalletCore/Types (2.7.2):
    - SwiftProtobuf

DEPENDENCIES:
  - Flutter (from `Flutter`)
  - trust_wallet_core (from `.symlinks/plugins/trust_wallet_core/ios`)

SPEC REPOS:
  trunk:
    - SwiftProtobuf
    - TrustWalletCore

EXTERNAL SOURCES:
  Flutter:
    :path: Flutter
  trust_wallet_core:
    :path: ".symlinks/plugins/trust_wallet_core/ios"

SPEC CHECKSUMS:
  Flutter: 50d75fe2f02b26cc09d224853bb45737f8b3214a
  SwiftProtobuf: c3c12645230d9b09c72267e0de89468c5543bd86
  trust_wallet_core: 1e9412b87bc70616a5e635151e9e86b9c7b7c697
  TrustWalletCore: 60f1b66f224af996f7845c3e64123c7631658aaa

PODFILE CHECKSUM: aafe91acc616949ddb318b77800a7f51bffa2a4c

COCOAPODS: 1.11.2
